{
  "version": 4,
  "terraform_version": "1.0.3",
  "serial": 1,
  "lineage": "b5379858-d29f-4c4d-39f0-61abe351d6db",
  "outputs": {},
  "resources": [
    {
      "mode": "managed",
      "type": "oci_identity_compartment",
      "name": "ODACompartment",
      "provider": "provider[\"registry.terraform.io/hashicorp/oci\"]",
      "instances": [
        {
          "schema_version": 0,
          "attributes": {
            "compartment_id": "ocid1.compartment.oc1..aaaaaaaaby25f6lugn4rjkgr2672usv22prrgp3zxjn64o7s2zyi4lyw5s2q",
            "defined_tags": {
              "Oracle-Tags.CreatedBy": "oracleidentitycloudservice/narender.gaddam@oracle.com",
              "Oracle-Tags.CreatedOn": "2021-07-27T14:12:11.838Z",
              "Schedule.AnyDay": "*,*,*,*,*,*,*,*,*,*,*,*,*,*,*,*,0,*,*,*,*,*,*,*"
            },
            "description": "Compartment for ODA instance",
            "enable_delete": null,
            "freeform_tags": {},
            "id": "ocid1.compartment.oc1..aaaaaaaamxyweodf4s3rhtah3bqwvbpgmyro3rzjmcmnkphjyb2yzkuunuca",
            "inactive_state": null,
            "is_accessible": true,
            "name": "ODACompartment",
            "state": "ACTIVE",
            "time_created": "2021-07-27 14:12:12.54 +0000 UTC",
            "timeouts": null
          },
          "sensitive_attributes": [],
          "private": "eyJlMmJmYjczMC1lY2FhLTExZTYtOGY4OC0zNDM2M2JjN2M0YzAiOnsiZGVsZXRlIjo1NDAwMDAwMDAwMDAwfX0="
        }
      ]
    }
  ]
}
